
Microsoft Visual Studio Solution File, Format Version 12.00
# Visual Studio 15
VisualStudioVersion = 15.0.27428.2015
MinimumVisualStudioVersion = 10.0.40219.1
Project("{FAE04EC0-301F-11D3-BF4B-00C04F79EFBC}") = "SeleniumDemo", "SeleniumDemo\SeleniumDemo.csproj", "{0E340E23-716F-46C3-AF24-F3E385874DE5}"
EndProject
Global
	GlobalSection(SolutionConfigurationPlatforms) = preSolution
		Debug|Any CPU = Debug|Any CPU
		Release|Any CPU = Release|Any CPU
	EndGlobalSection
	GlobalSection(ProjectConfigurationPlatforms) = postSolution
		{0E340E23-716F-46C3-AF24-F3E385874DE5}.Debug|Any CPU.ActiveCfg = Debug|Any CPU
		{0E340E23-716F-46C3-AF24-F3E385874DE5}.Debug|Any CPU.Build.0 = Debug|Any CPU
		{0E340E23-716F-46C3-AF24-F3E385874DE5}.Release|Any CPU.ActiveCfg = Release|Any CPU
		{0E340E23-716F-46C3-AF24-F3E385874DE5}.Release|Any CPU.Build.0 = Release|Any CPU
	EndGlobalSection
	GlobalSection(SolutionProperties) = preSolution
		HideSolutionNode = FALSE
	EndGlobalSection
	GlobalSection(ExtensibilityGlobals) = postSolution
		SolutionGuid = {892A1F98-B392-4000-A126-405C3804A487}
	EndGlobalSection
EndGlobal
